
Microsoft Visual Studio Solution File, Format Version 12.00
# Visual Studio Version 17
VisualStudioVersion = 17.14.36212.18 d17.14
MinimumVisualStudioVersion = 10.0.40219.1
Project("{FAE04EC0-301F-11D3-BF4B-00C04F79EFBC}") = "Acadify.Api", "Acadify.Api\Acadify.Api.csproj", "{06742012-DC5B-4BED-9821-2235B7788E65}"
EndProject
Project("{FAE04EC0-301F-11D3-BF4B-00C04F79EFBC}") = "Acadify.Data", "Acadify.Data\Acadify.Data.csproj", "{F47B72AF-AC0F-4052-8DF1-503879813D20}"
EndProject
Project("{FAE04EC0-301F-11D3-BF4B-00C04F79EFBC}") = "Acadify.Infrastructure", "Acadify.Infrastructure\Acadify.Infrastructure.csproj", "{FD3D450E-1B65-4284-9FAD-A6C934A93B71}"
EndProject
Project("{FAE04EC0-301F-11D3-BF4B-00C04F79EFBC}") = "Acadify.Service", "Acadify.Service\Acadify.Service.csproj", "{279E9FD7-46F3-4D77-BECF-C99E99503DFE}"
EndProject
Project("{FAE04EC0-301F-11D3-BF4B-00C04F79EFBC}") = "Acadify.Core", "Acadify.Core\Acadify.Core.csproj", "{ED9FD6EF-B16A-48F6-8129-8152098B4CC2}"
EndProject
Global
	GlobalSection(SolutionConfigurationPlatforms) = preSolution
		Debug|Any CPU = Debug|Any CPU
		Release|Any CPU = Release|Any CPU
	EndGlobalSection
	GlobalSection(ProjectConfigurationPlatforms) = postSolution
		{06742012-DC5B-4BED-9821-2235B7788E65}.Debug|Any CPU.ActiveCfg = Debug|Any CPU
		{06742012-DC5B-4BED-9821-2235B7788E65}.Debug|Any CPU.Build.0 = Debug|Any CPU
		{06742012-DC5B-4BED-9821-2235B7788E65}.Release|Any CPU.ActiveCfg = Release|Any CPU
		{06742012-DC5B-4BED-9821-2235B7788E65}.Release|Any CPU.Build.0 = Release|Any CPU
		{F47B72AF-AC0F-4052-8DF1-503879813D20}.Debug|Any CPU.ActiveCfg = Debug|Any CPU
		{F47B72AF-AC0F-4052-8DF1-503879813D20}.Debug|Any CPU.Build.0 = Debug|Any CPU
		{F47B72AF-AC0F-4052-8DF1-503879813D20}.Release|Any CPU.ActiveCfg = Release|Any CPU
		{F47B72AF-AC0F-4052-8DF1-503879813D20}.Release|Any CPU.Build.0 = Release|Any CPU
		{FD3D450E-1B65-4284-9FAD-A6C934A93B71}.Debug|Any CPU.ActiveCfg = Debug|Any CPU
		{FD3D450E-1B65-4284-9FAD-A6C934A93B71}.Debug|Any CPU.Build.0 = Debug|Any CPU
		{FD3D450E-1B65-4284-9FAD-A6C934A93B71}.Release|Any CPU.ActiveCfg = Release|Any CPU
		{FD3D450E-1B65-4284-9FAD-A6C934A93B71}.Release|Any CPU.Build.0 = Release|Any CPU
		{279E9FD7-46F3-4D77-BECF-C99E99503DFE}.Debug|Any CPU.ActiveCfg = Debug|Any CPU
		{279E9FD7-46F3-4D77-BECF-C99E99503DFE}.Debug|Any CPU.Build.0 = Debug|Any CPU
		{279E9FD7-46F3-4D77-BECF-C99E99503DFE}.Release|Any CPU.ActiveCfg = Release|Any CPU
		{279E9FD7-46F3-4D77-BECF-C99E99503DFE}.Release|Any CPU.Build.0 = Release|Any CPU
		{ED9FD6EF-B16A-48F6-8129-8152098B4CC2}.Debug|Any CPU.ActiveCfg = Debug|Any CPU
		{ED9FD6EF-B16A-48F6-8129-8152098B4CC2}.Debug|Any CPU.Build.0 = Debug|Any CPU
		{ED9FD6EF-B16A-48F6-8129-8152098B4CC2}.Release|Any CPU.ActiveCfg = Release|Any CPU
		{ED9FD6EF-B16A-48F6-8129-8152098B4CC2}.Release|Any CPU.Build.0 = Release|Any CPU
	EndGlobalSection
	GlobalSection(SolutionProperties) = preSolution
		HideSolutionNode = FALSE
	EndGlobalSection
	GlobalSection(ExtensibilityGlobals) = postSolution
		SolutionGuid = {4BA12C25-87E7-4C09-BC2C-32212F405D22}
	EndGlobalSection
EndGlobal
